
Microsoft Visual Studio Solution File, Format Version 12.00
# Visual Studio Version 17
VisualStudioVersion = 17.4.33403.182
MinimumVisualStudioVersion = 10.0.40219.1
Project("{FAE04EC0-301F-11D3-BF4B-00C04F79EFBC}") = "Server", "Server\Server.csproj", "{AD5A750D-20B8-4279-A3A2-309F5E8F7FC3}"
EndProject
Project("{FAE04EC0-301F-11D3-BF4B-00C04F79EFBC}") = "Client", "Server\Client\Client.csproj", "{F10764FB-B6FE-489B-9C1A-297B911384F2}"
EndProject
Global
	GlobalSection(SolutionConfigurationPlatforms) = preSolution
		Debug|Any CPU = Debug|Any CPU
		Release|Any CPU = Release|Any CPU
	EndGlobalSection
	GlobalSection(ProjectConfigurationPlatforms) = postSolution
		{AD5A750D-20B8-4279-A3A2-309F5E8F7FC3}.Debug|Any CPU.ActiveCfg = Debug|Any CPU
		{AD5A750D-20B8-4279-A3A2-309F5E8F7FC3}.Debug|Any CPU.Build.0 = Debug|Any CPU
		{AD5A750D-20B8-4279-A3A2-309F5E8F7FC3}.Release|Any CPU.ActiveCfg = Release|Any CPU
		{AD5A750D-20B8-4279-A3A2-309F5E8F7FC3}.Release|Any CPU.Build.0 = Release|Any CPU
		{F10764FB-B6FE-489B-9C1A-297B911384F2}.Debug|Any CPU.ActiveCfg = Debug|Any CPU
		{F10764FB-B6FE-489B-9C1A-297B911384F2}.Debug|Any CPU.Build.0 = Debug|Any CPU
		{F10764FB-B6FE-489B-9C1A-297B911384F2}.Release|Any CPU.ActiveCfg = Release|Any CPU
		{F10764FB-B6FE-489B-9C1A-297B911384F2}.Release|Any CPU.Build.0 = Release|Any CPU
	EndGlobalSection
	GlobalSection(SolutionProperties) = preSolution
		HideSolutionNode = FALSE
	EndGlobalSection
	GlobalSection(ExtensibilityGlobals) = postSolution
		SolutionGuid = {ED8AA494-A557-4938-ADE0-1BC6DE128E10}
	EndGlobalSection
EndGlobal
